
Microsoft Visual Studio Solution File, Format Version 12.00
# Visual Studio Version 16
VisualStudioVersion = 16.0.30907.101
MinimumVisualStudioVersion = 15.0.26124.0
Project("{9A19103F-16F7-4668-BE54-9A1E7A4F7556}") = "JDPI.Application.API", "Application\JDPI.Application.API\JDPI.Application.API.csproj", "{47E5D799-8A1A-4DE8-A719-C0E8377DB35E}"
EndProject
Project("{2150E333-8FDC-42A3-9474-1A3956D46DE8}") = "Common", "Common", "{9B14F3BB-31B6-416A-9AA3-C4992BE1DE40}"
EndProject
Project("{2150E333-8FDC-42A3-9474-1A3956D46DE8}") = "Application", "Application", "{DC14888F-CF21-414F-82C5-DB0FDF62F8CB}"
EndProject
Project("{2150E333-8FDC-42A3-9474-1A3956D46DE8}") = "Platfotm", "Platfotm", "{4293844C-113F-4C2C-B943-696780B22381}"
EndProject
Project("{9A19103F-16F7-4668-BE54-9A1E7A4F7556}") = "JDPI.Common.Business", "Common\JDPI.Common.Business\JDPI.Common.Business.csproj", "{9EBF2206-F233-4F8E-9D83-F389934180A0}"
EndProject
Project("{9A19103F-16F7-4668-BE54-9A1E7A4F7556}") = "JDPI.Common.Repository", "Common\JDPI.Common.Repository\JDPI.Common.Repository.csproj", "{6B74FC57-E272-4802-A385-C97C1CC4E661}"
EndProject
Project("{9A19103F-16F7-4668-BE54-9A1E7A4F7556}") = "JDPI.Common.Util", "Common\JDPI.Common.Util\JDPI.Common.Util.csproj", "{56EA982A-D6E8-46FD-AE2D-9C65D158EAF1}"
EndProject
Project("{9A19103F-16F7-4668-BE54-9A1E7A4F7556}") = "JDPI.Platform.Business", "Platform\JDPI.Platform.Business\JDPI.Platform.Business.csproj", "{B4D53111-1DFF-4816-A37C-17092BF7A31F}"
EndProject
Project("{9A19103F-16F7-4668-BE54-9A1E7A4F7556}") = "JDPI.Platform.Entity", "Platform\JDPI.Platform.Entity\JDPI.Platform.Entity.csproj", "{C7F93CFB-1C83-4586-A51D-06F8F8C5B811}"
EndProject
Project("{9A19103F-16F7-4668-BE54-9A1E7A4F7556}") = "JDPI.Platform.Repository", "Platform\JDPI.Platform.Repository\JDPI.Platform.Repository.csproj", "{64900A1E-BE2A-4115-A874-8CD4C8B31580}"
EndProject
Project("{9A19103F-16F7-4668-BE54-9A1E7A4F7556}") = "JDPI.Platform.Service", "Platform\JDPI.Platform.Service\JDPI.Platform.Service.csproj", "{62CC264C-B7F4-47E9-A8D2-0CD2131DE695}"
EndProject
Project("{9A19103F-16F7-4668-BE54-9A1E7A4F7556}") = "JDPI.Platform.Util", "Platform\JDPI.Platform.Util\JDPI.Platform.Util.csproj", "{6DFFBD0F-AA1C-43B1-AC0F-FE5EAD7BAD6F}"
EndProject
Project("{FAE04EC0-301F-11D3-BF4B-00C04F79EFBC}") = "JDPI.Common.Domain", "JDPI.Common.Domain\JDPI.Common.Domain.csproj", "{46578708-7BFF-48A9-9BB8-C20AF1112163}"
EndProject
Global
	GlobalSection(SolutionConfigurationPlatforms) = preSolution
		Debug|Any CPU = Debug|Any CPU
		Debug|x64 = Debug|x64
		Debug|x86 = Debug|x86
		Release|Any CPU = Release|Any CPU
		Release|x64 = Release|x64
		Release|x86 = Release|x86
	EndGlobalSection
	GlobalSection(ProjectConfigurationPlatforms) = postSolution
		{47E5D799-8A1A-4DE8-A719-C0E8377DB35E}.Debug|Any CPU.ActiveCfg = Debug|Any CPU
		{47E5D799-8A1A-4DE8-A719-C0E8377DB35E}.Debug|Any CPU.Build.0 = Debug|Any CPU
		{47E5D799-8A1A-4DE8-A719-C0E8377DB35E}.Debug|x64.ActiveCfg = Debug|Any CPU
		{47E5D799-8A1A-4DE8-A719-C0E8377DB35E}.Debug|x64.Build.0 = Debug|Any CPU
		{47E5D799-8A1A-4DE8-A719-C0E8377DB35E}.Debug|x86.ActiveCfg = Debug|Any CPU
		{47E5D799-8A1A-4DE8-A719-C0E8377DB35E}.Debug|x86.Build.0 = Debug|Any CPU
		{47E5D799-8A1A-4DE8-A719-C0E8377DB35E}.Release|Any CPU.ActiveCfg = Release|Any CPU
		{47E5D799-8A1A-4DE8-A719-C0E8377DB35E}.Release|Any CPU.Build.0 = Release|Any CPU
		{47E5D799-8A1A-4DE8-A719-C0E8377DB35E}.Release|x64.ActiveCfg = Release|Any CPU
		{47E5D799-8A1A-4DE8-A719-C0E8377DB35E}.Release|x64.Build.0 = Release|Any CPU
		{47E5D799-8A1A-4DE8-A719-C0E8377DB35E}.Release|x86.ActiveCfg = Release|Any CPU
		{47E5D799-8A1A-4DE8-A719-C0E8377DB35E}.Release|x86.Build.0 = Release|Any CPU
		{9EBF2206-F233-4F8E-9D83-F389934180A0}.Debug|Any CPU.ActiveCfg = Debug|Any CPU
		{9EBF2206-F233-4F8E-9D83-F389934180A0}.Debug|Any CPU.Build.0 = Debug|Any CPU
		{9EBF2206-F233-4F8E-9D83-F389934180A0}.Debug|x64.ActiveCfg = Debug|Any CPU
		{9EBF2206-F233-4F8E-9D83-F389934180A0}.Debug|x64.Build.0 = Debug|Any CPU
		{9EBF2206-F233-4F8E-9D83-F389934180A0}.Debug|x86.ActiveCfg = Debug|Any CPU
		{9EBF2206-F233-4F8E-9D83-F389934180A0}.Debug|x86.Build.0 = Debug|Any CPU
		{9EBF2206-F233-4F8E-9D83-F389934180A0}.Release|Any CPU.ActiveCfg = Release|Any CPU
		{9EBF2206-F233-4F8E-9D83-F389934180A0}.Release|Any CPU.Build.0 = Release|Any CPU
		{9EBF2206-F233-4F8E-9D83-F389934180A0}.Release|x64.ActiveCfg = Release|Any CPU
		{9EBF2206-F233-4F8E-9D83-F389934180A0}.Release|x64.Build.0 = Release|Any CPU
		{9EBF2206-F233-4F8E-9D83-F389934180A0}.Release|x86.ActiveCfg = Release|Any CPU
		{9EBF2206-F233-4F8E-9D83-F389934180A0}.Release|x86.Build.0 = Release|Any CPU
		{6B74FC57-E272-4802-A385-C97C1CC4E661}.Debug|Any CPU.ActiveCfg = Debug|Any CPU
		{6B74FC57-E272-4802-A385-C97C1CC4E661}.Debug|Any CPU.Build.0 = Debug|Any CPU
		{6B74FC57-E272-4802-A385-C97C1CC4E661}.Debug|x64.ActiveCfg = Debug|Any CPU
		{6B74FC57-E272-4802-A385-C97C1CC4E661}.Debug|x64.Build.0 = Debug|Any CPU
		{6B74FC57-E272-4802-A385-C97C1CC4E661}.Debug|x86.ActiveCfg = Debug|Any CPU
		{6B74FC57-E272-4802-A385-C97C1CC4E661}.Debug|x86.Build.0 = Debug|Any CPU
		{6B74FC57-E272-4802-A385-C97C1CC4E661}.Release|Any CPU.ActiveCfg = Release|Any CPU
		{6B74FC57-E272-4802-A385-C97C1CC4E661}.Release|Any CPU.Build.0 = Release|Any CPU
		{6B74FC57-E272-4802-A385-C97C1CC4E661}.Release|x64.ActiveCfg = Release|Any CPU
		{6B74FC57-E272-4802-A385-C97C1CC4E661}.Release|x64.Build.0 = Release|Any CPU
		{6B74FC57-E272-4802-A385-C97C1CC4E661}.Release|x86.ActiveCfg = Release|Any CPU
		{6B74FC57-E272-4802-A385-C97C1CC4E661}.Release|x86.Build.0 = Release|Any CPU
		{56EA982A-D6E8-46FD-AE2D-9C65D158EAF1}.Debug|Any CPU.ActiveCfg = Debug|Any CPU
		{56EA982A-D6E8-46FD-AE2D-9C65D158EAF1}.Debug|Any CPU.Build.0 = Debug|Any CPU
		{56EA982A-D6E8-46FD-AE2D-9C65D158EAF1}.Debug|x64.ActiveCfg = Debug|Any CPU
		{56EA982A-D6E8-46FD-AE2D-9C65D158EAF1}.Debug|x64.Build.0 = Debug|Any CPU
		{56EA982A-D6E8-46FD-AE2D-9C65D158EAF1}.Debug|x86.ActiveCfg = Debug|Any CPU
		{56EA982A-D6E8-46FD-AE2D-9C65D158EAF1}.Debug|x86.Build.0 = Debug|Any CPU
		{56EA982A-D6E8-46FD-AE2D-9C65D158EAF1}.Release|Any CPU.ActiveCfg = Release|Any CPU
		{56EA982A-D6E8-46FD-AE2D-9C65D158EAF1}.Release|Any CPU.Build.0 = Release|Any CPU
		{56EA982A-D6E8-46FD-AE2D-9C65D158EAF1}.Release|x64.ActiveCfg = Release|Any CPU
		{56EA982A-D6E8-46FD-AE2D-9C65D158EAF1}.Release|x64.Build.0 = Release|Any CPU
		{56EA982A-D6E8-46FD-AE2D-9C65D158EAF1}.Release|x86.ActiveCfg = Release|Any CPU
		{56EA982A-D6E8-46FD-AE2D-9C65D158EAF1}.Release|x86.Build.0 = Release|Any CPU
		{B4D53111-1DFF-4816-A37C-17092BF7A31F}.Debug|Any CPU.ActiveCfg = Debug|Any CPU
		{B4D53111-1DFF-4816-A37C-17092BF7A31F}.Debug|Any CPU.Build.0 = Debug|Any CPU
		{B4D53111-1DFF-4816-A37C-17092BF7A31F}.Debug|x64.ActiveCfg = Debug|Any CPU
		{B4D53111-1DFF-4816-A37C-17092BF7A31F}.Debug|x64.Build.0 = Debug|Any CPU
		{B4D53111-1DFF-4816-A37C-17092BF7A31F}.Debug|x86.ActiveCfg = Debug|Any CPU
		{B4D53111-1DFF-4816-A37C-17092BF7A31F}.Debug|x86.Build.0 = Debug|Any CPU
		{B4D53111-1DFF-4816-A37C-17092BF7A31F}.Release|Any CPU.ActiveCfg = Release|Any CPU
		{B4D53111-1DFF-4816-A37C-17092BF7A31F}.Release|Any CPU.Build.0 = Release|Any CPU
		{B4D53111-1DFF-4816-A37C-17092BF7A31F}.Release|x64.ActiveCfg = Release|Any CPU
		{B4D53111-1DFF-4816-A37C-17092BF7A31F}.Release|x64.Build.0 = Release|Any CPU
		{B4D53111-1DFF-4816-A37C-17092BF7A31F}.Release|x86.ActiveCfg = Release|Any CPU
		{B4D53111-1DFF-4816-A37C-17092BF7A31F}.Release|x86.Build.0 = Release|Any CPU
		{C7F93CFB-1C83-4586-A51D-06F8F8C5B811}.Debug|Any CPU.ActiveCfg = Debug|Any CPU
		{C7F93CFB-1C83-4586-A51D-06F8F8C5B811}.Debug|Any CPU.Build.0 = Debug|Any CPU
		{C7F93CFB-1C83-4586-A51D-06F8F8C5B811}.Debug|x64.ActiveCfg = Debug|Any CPU
		{C7F93CFB-1C83-4586-A51D-06F8F8C5B811}.Debug|x64.Build.0 = Debug|Any CPU
		{C7F93CFB-1C83-4586-A51D-06F8F8C5B811}.Debug|x86.ActiveCfg = Debug|Any CPU
		{C7F93CFB-1C83-4586-A51D-06F8F8C5B811}.Debug|x86.Build.0 = Debug|Any CPU
		{C7F93CFB-1C83-4586-A51D-06F8F8C5B811}.Release|Any CPU.ActiveCfg = Release|Any CPU
		{C7F93CFB-1C83-4586-A51D-06F8F8C5B811}.Release|Any CPU.Build.0 = Release|Any CPU
		{C7F93CFB-1C83-4586-A51D-06F8F8C5B811}.Release|x64.ActiveCfg = Release|Any CPU
		{C7F93CFB-1C83-4586-A51D-06F8F8C5B811}.Release|x64.Build.0 = Release|Any CPU
		{C7F93CFB-1C83-4586-A51D-06F8F8C5B811}.Release|x86.ActiveCfg = Release|Any CPU
		{C7F93CFB-1C83-4586-A51D-06F8F8C5B811}.Release|x86.Build.0 = Release|Any CPU
		{64900A1E-BE2A-4115-A874-8CD4C8B31580}.Debug|Any CPU.ActiveCfg = Debug|Any CPU
		{64900A1E-BE2A-4115-A874-8CD4C8B31580}.Debug|Any CPU.Build.0 = Debug|Any CPU
		{64900A1E-BE2A-4115-A874-8CD4C8B31580}.Debug|x64.ActiveCfg = Debug|Any CPU
		{64900A1E-BE2A-4115-A874-8CD4C8B31580}.Debug|x64.Build.0 = Debug|Any CPU
		{64900A1E-BE2A-4115-A874-8CD4C8B31580}.Debug|x86.ActiveCfg = Debug|Any CPU
		{64900A1E-BE2A-4115-A874-8CD4C8B31580}.Debug|x86.Build.0 = Debug|Any CPU
		{64900A1E-BE2A-4115-A874-8CD4C8B31580}.Release|Any CPU.ActiveCfg = Release|Any CPU
		{64900A1E-BE2A-4115-A874-8CD4C8B31580}.Release|Any CPU.Build.0 = Release|Any CPU
		{64900A1E-BE2A-4115-A874-8CD4C8B31580}.Release|x64.ActiveCfg = Release|Any CPU
		{64900A1E-BE2A-4115-A874-8CD4C8B31580}.Release|x64.Build.0 = Release|Any CPU
		{64900A1E-BE2A-4115-A874-8CD4C8B31580}.Release|x86.ActiveCfg = Release|Any CPU
		{64900A1E-BE2A-4115-A874-8CD4C8B31580}.Release|x86.Build.0 = Release|Any CPU
		{62CC264C-B7F4-47E9-A8D2-0CD2131DE695}.Debug|Any CPU.ActiveCfg = Debug|Any CPU
		{62CC264C-B7F4-47E9-A8D2-0CD2131DE695}.Debug|Any CPU.Build.0 = Debug|Any CPU
		{62CC264C-B7F4-47E9-A8D2-0CD2131DE695}.Debug|x64.ActiveCfg = Debug|Any CPU
		{62CC264C-B7F4-47E9-A8D2-0CD2131DE695}.Debug|x64.Build.0 = Debug|Any CPU
		{62CC264C-B7F4-47E9-A8D2-0CD2131DE695}.Debug|x86.ActiveCfg = Debug|Any CPU
		{62CC264C-B7F4-47E9-A8D2-0CD2131DE695}.Debug|x86.Build.0 = Debug|Any CPU
		{62CC264C-B7F4-47E9-A8D2-0CD2131DE695}.Release|Any CPU.ActiveCfg = Release|Any CPU
		{62CC264C-B7F4-47E9-A8D2-0CD2131DE695}.Release|Any CPU.Build.0 = Release|Any CPU
		{62CC264C-B7F4-47E9-A8D2-0CD2131DE695}.Release|x64.ActiveCfg = Release|Any CPU
		{62CC264C-B7F4-47E9-A8D2-0CD2131DE695}.Release|x64.Build.0 = Release|Any CPU
		{62CC264C-B7F4-47E9-A8D2-0CD2131DE695}.Release|x86.ActiveCfg = Release|Any CPU
		{62CC264C-B7F4-47E9-A8D2-0CD2131DE695}.Release|x86.Build.0 = Release|Any CPU
		{6DFFBD0F-AA1C-43B1-AC0F-FE5EAD7BAD6F}.Debug|Any CPU.ActiveCfg = Debug|Any CPU
		{6DFFBD0F-AA1C-43B1-AC0F-FE5EAD7BAD6F}.Debug|Any CPU.Build.0 = Debug|Any CPU
		{6DFFBD0F-AA1C-43B1-AC0F-FE5EAD7BAD6F}.Debug|x64.ActiveCfg = Debug|Any CPU
		{6DFFBD0F-AA1C-43B1-AC0F-FE5EAD7BAD6F}.Debug|x64.Build.0 = Debug|Any CPU
		{6DFFBD0F-AA1C-43B1-AC0F-FE5EAD7BAD6F}.Debug|x86.ActiveCfg = Debug|Any CPU
		{6DFFBD0F-AA1C-43B1-AC0F-FE5EAD7BAD6F}.Debug|x86.Build.0 = Debug|Any CPU
		{6DFFBD0F-AA1C-43B1-AC0F-FE5EAD7BAD6F}.Release|Any CPU.ActiveCfg = Release|Any CPU
		{6DFFBD0F-AA1C-43B1-AC0F-FE5EAD7BAD6F}.Release|Any CPU.Build.0 = Release|Any CPU
		{6DFFBD0F-AA1C-43B1-AC0F-FE5EAD7BAD6F}.Release|x64.ActiveCfg = Release|Any CPU
		{6DFFBD0F-AA1C-43B1-AC0F-FE5EAD7BAD6F}.Release|x64.Build.0 = Release|Any CPU
		{6DFFBD0F-AA1C-43B1-AC0F-FE5EAD7BAD6F}.Release|x86.ActiveCfg = Release|Any CPU
		{6DFFBD0F-AA1C-43B1-AC0F-FE5EAD7BAD6F}.Release|x86.Build.0 = Release|Any CPU
		{46578708-7BFF-48A9-9BB8-C20AF1112163}.Debug|Any CPU.ActiveCfg = Debug|Any CPU
		{46578708-7BFF-48A9-9BB8-C20AF1112163}.Debug|Any CPU.Build.0 = Debug|Any CPU
		{46578708-7BFF-48A9-9BB8-C20AF1112163}.Debug|x64.ActiveCfg = Debug|Any CPU
		{46578708-7BFF-48A9-9BB8-C20AF1112163}.Debug|x64.Build.0 = Debug|Any CPU
		{46578708-7BFF-48A9-9BB8-C20AF1112163}.Debug|x86.ActiveCfg = Debug|Any CPU
		{46578708-7BFF-48A9-9BB8-C20AF1112163}.Debug|x86.Build.0 = Debug|Any CPU
		{46578708-7BFF-48A9-9BB8-C20AF1112163}.Release|Any CPU.ActiveCfg = Release|Any CPU
		{46578708-7BFF-48A9-9BB8-C20AF1112163}.Release|Any CPU.Build.0 = Release|Any CPU
		{46578708-7BFF-48A9-9BB8-C20AF1112163}.Release|x64.ActiveCfg = Release|Any CPU
		{46578708-7BFF-48A9-9BB8-C20AF1112163}.Release|x64.Build.0 = Release|Any CPU
		{46578708-7BFF-48A9-9BB8-C20AF1112163}.Release|x86.ActiveCfg = Release|Any CPU
		{46578708-7BFF-48A9-9BB8-C20AF1112163}.Release|x86.Build.0 = Release|Any CPU
	EndGlobalSection
	GlobalSection(SolutionProperties) = preSolution
		HideSolutionNode = FALSE
	EndGlobalSection
	GlobalSection(NestedProjects) = preSolution
		{47E5D799-8A1A-4DE8-A719-C0E8377DB35E} = {DC14888F-CF21-414F-82C5-DB0FDF62F8CB}
		{9EBF2206-F233-4F8E-9D83-F389934180A0} = {9B14F3BB-31B6-416A-9AA3-C4992BE1DE40}
		{6B74FC57-E272-4802-A385-C97C1CC4E661} = {9B14F3BB-31B6-416A-9AA3-C4992BE1DE40}
		{56EA982A-D6E8-46FD-AE2D-9C65D158EAF1} = {9B14F3BB-31B6-416A-9AA3-C4992BE1DE40}
		{B4D53111-1DFF-4816-A37C-17092BF7A31F} = {4293844C-113F-4C2C-B943-696780B22381}
		{C7F93CFB-1C83-4586-A51D-06F8F8C5B811} = {4293844C-113F-4C2C-B943-696780B22381}
		{64900A1E-BE2A-4115-A874-8CD4C8B31580} = {4293844C-113F-4C2C-B943-696780B22381}
		{62CC264C-B7F4-47E9-A8D2-0CD2131DE695} = {4293844C-113F-4C2C-B943-696780B22381}
		{6DFFBD0F-AA1C-43B1-AC0F-FE5EAD7BAD6F} = {4293844C-113F-4C2C-B943-696780B22381}
		{46578708-7BFF-48A9-9BB8-C20AF1112163} = {9B14F3BB-31B6-416A-9AA3-C4992BE1DE40}
	EndGlobalSection
	GlobalSection(ExtensibilityGlobals) = postSolution
		SolutionGuid = {15BAEEF0-3A91-4650-A945-C33C33D76DA5}
	EndGlobalSection
EndGlobal
